
Microsoft Visual Studio Solution File, Format Version 12.00
# Visual Studio Version 17
VisualStudioVersion = 17.0.31903.59
MinimumVisualStudioVersion = 10.0.40219.1
Project("{9A19103F-16F7-4668-BE54-9A1E7A4F7556}") = "CarStream.Contracts", "CarImport.Contracts\CarStream.Contracts.csproj", "{6DC6E040-465F-4C61-BE2C-C6202FFE883B}"
EndProject
Project("{9A19103F-16F7-4668-BE54-9A1E7A4F7556}") = "CarStream", "CarImport\CarStream.csproj", "{DC47C742-972D-432F-AAEC-1D1FF8DC0F2E}"
EndProject
Project("{FAE04EC0-301F-11D3-BF4B-00C04F79EFBC}") = "UpdateDBService", "UpdateDBService\UpdateDBService.csproj", "{80829EB7-FDF3-4DF1-A6E7-3C372402E2D0}"
EndProject
Global
	GlobalSection(SolutionConfigurationPlatforms) = preSolution
		Debug|Any CPU = Debug|Any CPU
		Release|Any CPU = Release|Any CPU
	EndGlobalSection
	GlobalSection(ProjectConfigurationPlatforms) = postSolution
		{6DC6E040-465F-4C61-BE2C-C6202FFE883B}.Debug|Any CPU.ActiveCfg = Debug|Any CPU
		{6DC6E040-465F-4C61-BE2C-C6202FFE883B}.Debug|Any CPU.Build.0 = Debug|Any CPU
		{6DC6E040-465F-4C61-BE2C-C6202FFE883B}.Release|Any CPU.ActiveCfg = Release|Any CPU
		{6DC6E040-465F-4C61-BE2C-C6202FFE883B}.Release|Any CPU.Build.0 = Release|Any CPU
		{DC47C742-972D-432F-AAEC-1D1FF8DC0F2E}.Debug|Any CPU.ActiveCfg = Debug|Any CPU
		{DC47C742-972D-432F-AAEC-1D1FF8DC0F2E}.Debug|Any CPU.Build.0 = Debug|Any CPU
		{DC47C742-972D-432F-AAEC-1D1FF8DC0F2E}.Release|Any CPU.ActiveCfg = Release|Any CPU
		{DC47C742-972D-432F-AAEC-1D1FF8DC0F2E}.Release|Any CPU.Build.0 = Release|Any CPU
		{80829EB7-FDF3-4DF1-A6E7-3C372402E2D0}.Debug|Any CPU.ActiveCfg = Debug|Any CPU
		{80829EB7-FDF3-4DF1-A6E7-3C372402E2D0}.Debug|Any CPU.Build.0 = Debug|Any CPU
		{80829EB7-FDF3-4DF1-A6E7-3C372402E2D0}.Release|Any CPU.ActiveCfg = Release|Any CPU
		{80829EB7-FDF3-4DF1-A6E7-3C372402E2D0}.Release|Any CPU.Build.0 = Release|Any CPU
	EndGlobalSection
	GlobalSection(SolutionProperties) = preSolution
		HideSolutionNode = FALSE
	EndGlobalSection
	GlobalSection(ExtensibilityGlobals) = postSolution
		SolutionGuid = {0C040C75-F0B0-49C9-A191-6967E66728EA}
	EndGlobalSection
EndGlobal
